Microsoft Visual Studio Solution File, Format Version 11.00
# Visual Studio 2008

Project("{B0330849-F556-37D6-427A-5353F1D1B918}") = "3d_action", "Assembly-CSharp.csproj", "{BC374BBE-09A3-0BB9-9C01-65FC7F398E65}"
EndProject
Global
	GlobalSection(SolutionConfigurationPlatforms) = preSolution
		Debug|Any CPU = Debug|Any CPU
		Release|Any CPU = Release|Any CPU
	EndGlobalSection
	GlobalSection(ProjectConfigurationPlatforms) = postSolution
		{BC374BBE-09A3-0BB9-9C01-65FC7F398E65}.Debug|Any CPU.ActiveCfg = Debug|Any CPU
		{BC374BBE-09A3-0BB9-9C01-65FC7F398E65}.Debug|Any CPU.Build.0 = Debug|Any CPU
		{BC374BBE-09A3-0BB9-9C01-65FC7F398E65}.Release|Any CPU.ActiveCfg = Release|Any CPU
		{BC374BBE-09A3-0BB9-9C01-65FC7F398E65}.Release|Any CPU.Build.0 = Release|Any CPU
	EndGlobalSection
	GlobalSection(SolutionProperties) = preSolution
		HideSolutionNode = FALSE
	EndGlobalSection
	GlobalSection(MonoDevelopProperties) = preSolution
		StartupItem = Assembly-CSharp.csproj
	EndGlobalSection
EndGlobal
